
Microsoft Visual Studio Solution File, Format Version 12.00
# Visual Studio Version 16
VisualStudioVersion = 16.0.31112.23
MinimumVisualStudioVersion = 10.0.40219.1
Project("{8BC9CEB8-8B4A-11D0-8D11-00A0C91BC942}") = "Time_Table_Linker_Project", "Time_Table_Linker_Project.vcxproj", "{BE556118-F220-4235-A581-BAF427696F78}"
EndProject
Project("{54435603-DBB4-11D2-8724-00A0C9A8B90C}") = "Time Table Linker", "..\Time Table Linker\Time Table Linker.vdproj", "{87D6048F-8A08-4572-B109-6604E74B50F2}"
EndProject
Global
	GlobalSection(SolutionConfigurationPlatforms) = preSolution
		Debug|x64 = Debug|x64
		Debug|x86 = Debug|x86
		Release|x64 = Release|x64
		Release|x86 = Release|x86
	EndGlobalSection
	GlobalSection(ProjectConfigurationPlatforms) = postSolution
		{BE556118-F220-4235-A581-BAF427696F78}.Debug|x64.ActiveCfg = Debug|x64
		{BE556118-F220-4235-A581-BAF427696F78}.Debug|x64.Build.0 = Debug|x64
		{BE556118-F220-4235-A581-BAF427696F78}.Debug|x86.ActiveCfg = Debug|Win32
		{BE556118-F220-4235-A581-BAF427696F78}.Debug|x86.Build.0 = Debug|Win32
		{BE556118-F220-4235-A581-BAF427696F78}.Release|x64.ActiveCfg = Release|x64
		{BE556118-F220-4235-A581-BAF427696F78}.Release|x64.Build.0 = Release|x64
		{BE556118-F220-4235-A581-BAF427696F78}.Release|x86.ActiveCfg = Release|Win32
		{BE556118-F220-4235-A581-BAF427696F78}.Release|x86.Build.0 = Release|Win32
		{87D6048F-8A08-4572-B109-6604E74B50F2}.Debug|x64.ActiveCfg = Debug
		{87D6048F-8A08-4572-B109-6604E74B50F2}.Debug|x86.ActiveCfg = Debug
		{87D6048F-8A08-4572-B109-6604E74B50F2}.Release|x64.ActiveCfg = Release
		{87D6048F-8A08-4572-B109-6604E74B50F2}.Release|x86.ActiveCfg = Release
	EndGlobalSection
	GlobalSection(SolutionProperties) = preSolution
		HideSolutionNode = FALSE
	EndGlobalSection
	GlobalSection(ExtensibilityGlobals) = postSolution
		SolutionGuid = {046864C8-0463-44C6-B97D-BF9D671A168B}
	EndGlobalSection
EndGlobal
